
Microsoft Visual Studio Solution File, Format Version 12.00
# Visual Studio Version 17
VisualStudioVersion = 17.7.34024.191
MinimumVisualStudioVersion = 10.0.40219.1
Project("{FAE04EC0-301F-11D3-BF4B-00C04F79EFBC}") = "Clean", "Clean\Clean.csproj", "{DCB6BA15-0288-4A20-9CA8-DEC37BA9DD08}"
EndProject
Project("{FAE04EC0-301F-11D3-BF4B-00C04F79EFBC}") = "Test", "Clean.Test\Test.csproj", "{A4DD8B89-28FB-49D3-92CE-B3ABA1299B8D}"
EndProject
Global
	GlobalSection(SolutionConfigurationPlatforms) = preSolution
		Debug|Any CPU = Debug|Any CPU
		Release|Any CPU = Release|Any CPU
	EndGlobalSection
	GlobalSection(ProjectConfigurationPlatforms) = postSolution
		{DCB6BA15-0288-4A20-9CA8-DEC37BA9DD08}.Debug|Any CPU.ActiveCfg = Debug|Any CPU
		{DCB6BA15-0288-4A20-9CA8-DEC37BA9DD08}.Debug|Any CPU.Build.0 = Debug|Any CPU
		{DCB6BA15-0288-4A20-9CA8-DEC37BA9DD08}.Release|Any CPU.ActiveCfg = Release|Any CPU
		{DCB6BA15-0288-4A20-9CA8-DEC37BA9DD08}.Release|Any CPU.Build.0 = Release|Any CPU
		{A4DD8B89-28FB-49D3-92CE-B3ABA1299B8D}.Debug|Any CPU.ActiveCfg = Debug|Any CPU
		{A4DD8B89-28FB-49D3-92CE-B3ABA1299B8D}.Debug|Any CPU.Build.0 = Debug|Any CPU
		{A4DD8B89-28FB-49D3-92CE-B3ABA1299B8D}.Release|Any CPU.ActiveCfg = Release|Any CPU
		{A4DD8B89-28FB-49D3-92CE-B3ABA1299B8D}.Release|Any CPU.Build.0 = Release|Any CPU
	EndGlobalSection
	GlobalSection(SolutionProperties) = preSolution
		HideSolutionNode = FALSE
	EndGlobalSection
	GlobalSection(ExtensibilityGlobals) = postSolution
		SolutionGuid = {78D0D512-90AB-4173-993C-95AB1FCC8FF7}
	EndGlobalSection
EndGlobal
